
Microsoft Visual Studio Solution File, Format Version 12.00
# Visual Studio 15
VisualStudioVersion = 15.0.26430.13
MinimumVisualStudioVersion = 10.0.40219.1
Project("{FAE04EC0-301F-11D3-BF4B-00C04F79EFBC}") = "Sudoku.Android", "Sudoku\Sudoku.Android\Sudoku.Android.csproj", "{9F076249-8B75-4F28-A1C5-311E76BEF322}"
EndProject
Project("{FAE04EC0-301F-11D3-BF4B-00C04F79EFBC}") = "Sudoku", "Sudoku\Sudoku\Sudoku.csproj", "{5202E7E2-4C19-4806-A8BE-A7F011450369}"
EndProject
Project("{FAE04EC0-301F-11D3-BF4B-00C04F79EFBC}") = "Sudoku.UWP", "Sudoku\Sudoku.UWP\Sudoku.UWP.csproj", "{C7A4C727-8CD0-4B37-9E73-AAF58187DE89}"
EndProject
Project("{FAE04EC0-301F-11D3-BF4B-00C04F79EFBC}") = "Sudoku.iOS", "Sudoku\Sudoku.iOS\Sudoku.iOS.csproj", "{7EFE5A5D-9238-4BBD-8676-252938404040}"
EndProject
Global
	GlobalSection(SolutionConfigurationPlatforms) = preSolution
		Ad-Hoc|Any CPU = Ad-Hoc|Any CPU
		Ad-Hoc|ARM = Ad-Hoc|ARM
		Ad-Hoc|iPhone = Ad-Hoc|iPhone
		Ad-Hoc|iPhoneSimulator = Ad-Hoc|iPhoneSimulator
		Ad-Hoc|x64 = Ad-Hoc|x64
		Ad-Hoc|x86 = Ad-Hoc|x86
		AppStore|Any CPU = AppStore|Any CPU
		AppStore|ARM = AppStore|ARM
		AppStore|iPhone = AppStore|iPhone
		AppStore|iPhoneSimulator = AppStore|iPhoneSimulator
		AppStore|x64 = AppStore|x64
		AppStore|x86 = AppStore|x86
		Debug|Any CPU = Debug|Any CPU
		Debug|ARM = Debug|ARM
		Debug|iPhone = Debug|iPhone
		Debug|iPhoneSimulator = Debug|iPhoneSimulator
		Debug|x64 = Debug|x64
		Debug|x86 = Debug|x86
		Release|Any CPU = Release|Any CPU
		Release|ARM = Release|ARM
		Release|iPhone = Release|iPhone
		Release|iPhoneSimulator = Release|iPhoneSimulator
		Release|x64 = Release|x64
		Release|x86 = Release|x86
	EndGlobalSection
	GlobalSection(ProjectConfigurationPlatforms) = postSolution
		{9F076249-8B75-4F28-A1C5-311E76BEF322}.Ad-Hoc|Any CPU.ActiveCfg = Release|Any CPU
		{9F076249-8B75-4F28-A1C5-311E76BEF322}.Ad-Hoc|Any CPU.Build.0 = Release|Any CPU
		{9F076249-8B75-4F28-A1C5-311E76BEF322}.Ad-Hoc|Any CPU.Deploy.0 = Release|Any CPU
		{9F076249-8B75-4F28-A1C5-311E76BEF322}.Ad-Hoc|ARM.ActiveCfg = Release|Any CPU
		{9F076249-8B75-4F28-A1C5-311E76BEF322}.Ad-Hoc|ARM.Build.0 = Release|Any CPU
		{9F076249-8B75-4F28-A1C5-311E76BEF322}.Ad-Hoc|ARM.Deploy.0 = Release|Any CPU
		{9F076249-8B75-4F28-A1C5-311E76BEF322}.Ad-Hoc|iPhone.ActiveCfg = Release|Any CPU
		{9F076249-8B75-4F28-A1C5-311E76BEF322}.Ad-Hoc|iPhone.Build.0 = Release|Any CPU
		{9F076249-8B75-4F28-A1C5-311E76BEF322}.Ad-Hoc|iPhone.Deploy.0 = Release|Any CPU
		{9F076249-8B75-4F28-A1C5-311E76BEF322}.Ad-Hoc|iPhoneSimulator.ActiveCfg = Release|Any CPU
		{9F076249-8B75-4F28-A1C5-311E76BEF322}.Ad-Hoc|iPhoneSimulator.Build.0 = Release|Any CPU
		{9F076249-8B75-4F28-A1C5-311E76BEF322}.Ad-Hoc|iPhoneSimulator.Deploy.0 = Release|Any CPU
		{9F076249-8B75-4F28-A1C5-311E76BEF322}.Ad-Hoc|x64.ActiveCfg = Release|Any CPU
		{9F076249-8B75-4F28-A1C5-311E76BEF322}.Ad-Hoc|x64.Build.0 = Release|Any CPU
		{9F076249-8B75-4F28-A1C5-311E76BEF322}.Ad-Hoc|x64.Deploy.0 = Release|Any CPU
		{9F076249-8B75-4F28-A1C5-311E76BEF322}.Ad-Hoc|x86.ActiveCfg = Release|Any CPU
		{9F076249-8B75-4F28-A1C5-311E76BEF322}.Ad-Hoc|x86.Build.0 = Release|Any CPU
		{9F076249-8B75-4F28-A1C5-311E76BEF322}.Ad-Hoc|x86.Deploy.0 = Release|Any CPU
		{9F076249-8B75-4F28-A1C5-311E76BEF322}.AppStore|Any CPU.ActiveCfg = Release|Any CPU
		{9F076249-8B75-4F28-A1C5-311E76BEF322}.AppStore|Any CPU.Build.0 = Release|Any CPU
		{9F076249-8B75-4F28-A1C5-311E76BEF322}.AppStore|Any CPU.Deploy.0 = Release|Any CPU
		{9F076249-8B75-4F28-A1C5-311E76BEF322}.AppStore|ARM.ActiveCfg = Release|Any CPU
		{9F076249-8B75-4F28-A1C5-311E76BEF322}.AppStore|ARM.Build.0 = Release|Any CPU
		{9F076249-8B75-4F28-A1C5-311E76BEF322}.AppStore|ARM.Deploy.0 = Release|Any CPU
		{9F076249-8B75-4F28-A1C5-311E76BEF322}.AppStore|iPhone.ActiveCfg = Release|Any CPU
		{9F076249-8B75-4F28-A1C5-311E76BEF322}.AppStore|iPhone.Build.0 = Release|Any CPU
		{9F076249-8B75-4F28-A1C5-311E76BEF322}.AppStore|iPhone.Deploy.0 = Release|Any CPU
		{9F076249-8B75-4F28-A1C5-311E76BEF322}.AppStore|iPhoneSimulator.ActiveCfg = Release|Any CPU
		{9F076249-8B75-4F28-A1C5-311E76BEF322}.AppStore|iPhoneSimulator.Build.0 = Release|Any CPU
		{9F076249-8B75-4F28-A1C5-311E76BEF322}.AppStore|iPhoneSimulator.Deploy.0 = Release|Any CPU
		{9F076249-8B75-4F28-A1C5-311E76BEF322}.AppStore|x64.ActiveCfg = Release|Any CPU
		{9F076249-8B75-4F28-A1C5-311E76BEF322}.AppStore|x64.Build.0 = Release|Any CPU
		{9F076249-8B75-4F28-A1C5-311E76BEF322}.AppStore|x64.Deploy.0 = Release|Any CPU
		{9F076249-8B75-4F28-A1C5-311E76BEF322}.AppStore|x86.ActiveCfg = Release|Any CPU
		{9F076249-8B75-4F28-A1C5-311E76BEF322}.AppStore|x86.Build.0 = Release|Any CPU
		{9F076249-8B75-4F28-A1C5-311E76BEF322}.AppStore|x86.Deploy.0 = Release|Any CPU
		{9F076249-8B75-4F28-A1C5-311E76BEF322}.Debug|Any CPU.ActiveCfg = Debug|Any CPU
		{9F076249-8B75-4F28-A1C5-311E76BEF322}.Debug|Any CPU.Build.0 = Debug|Any CPU
		{9F076249-8B75-4F28-A1C5-311E76BEF322}.Debug|Any CPU.Deploy.0 = Debug|Any CPU
		{9F076249-8B75-4F28-A1C5-311E76BEF322}.Debug|ARM.ActiveCfg = Debug|Any CPU
		{9F076249-8B75-4F28-A1C5-311E76BEF322}.Debug|ARM.Build.0 = Debug|Any CPU
		{9F076249-8B75-4F28-A1C5-311E76BEF322}.Debug|ARM.Deploy.0 = Debug|Any CPU
		{9F076249-8B75-4F28-A1C5-311E76BEF322}.Debug|iPhone.ActiveCfg = Debug|Any CPU
		{9F076249-8B75-4F28-A1C5-311E76BEF322}.Debug|iPhone.Build.0 = Debug|Any CPU
		{9F076249-8B75-4F28-A1C5-311E76BEF322}.Debug|iPhone.Deploy.0 = Debug|Any CPU
		{9F076249-8B75-4F28-A1C5-311E76BEF322}.Debug|iPhoneSimulator.ActiveCfg = Debug|Any CPU
		{9F076249-8B75-4F28-A1C5-311E76BEF322}.Debug|iPhoneSimulator.Build.0 = Debug|Any CPU
		{9F076249-8B75-4F28-A1C5-311E76BEF322}.Debug|iPhoneSimulator.Deploy.0 = Debug|Any CPU
		{9F076249-8B75-4F28-A1C5-311E76BEF322}.Debug|x64.ActiveCfg = Debug|Any CPU
		{9F076249-8B75-4F28-A1C5-311E76BEF322}.Debug|x64.Build.0 = Debug|Any CPU
		{9F076249-8B75-4F28-A1C5-311E76BEF322}.Debug|x64.Deploy.0 = Debug|Any CPU
		{9F076249-8B75-4F28-A1C5-311E76BEF322}.Debug|x86.ActiveCfg = Debug|Any CPU
		{9F076249-8B75-4F28-A1C5-311E76BEF322}.Debug|x86.Build.0 = Debug|Any CPU
		{9F076249-8B75-4F28-A1C5-311E76BEF322}.Debug|x86.Deploy.0 = Debug|Any CPU
		{9F076249-8B75-4F28-A1C5-311E76BEF322}.Release|Any CPU.ActiveCfg = Release|Any CPU
		{9F076249-8B75-4F28-A1C5-311E76BEF322}.Release|Any CPU.Build.0 = Release|Any CPU
		{9F076249-8B75-4F28-A1C5-311E76BEF322}.Release|Any CPU.Deploy.0 = Release|Any CPU
		{9F076249-8B75-4F28-A1C5-311E76BEF322}.Release|ARM.ActiveCfg = Release|Any CPU
		{9F076249-8B75-4F28-A1C5-311E76BEF322}.Release|ARM.Build.0 = Release|Any CPU
		{9F076249-8B75-4F28-A1C5-311E76BEF322}.Release|ARM.Deploy.0 = Release|Any CPU
		{9F076249-8B75-4F28-A1C5-311E76BEF322}.Release|iPhone.ActiveCfg = Release|Any CPU
		{9F076249-8B75-4F28-A1C5-311E76BEF322}.Release|iPhone.Build.0 = Release|Any CPU
		{9F076249-8B75-4F28-A1C5-311E76BEF322}.Release|iPhone.Deploy.0 = Release|Any CPU
		{9F076249-8B75-4F28-A1C5-311E76BEF322}.Release|iPhoneSimulator.ActiveCfg = Release|Any CPU
		{9F076249-8B75-4F28-A1C5-311E76BEF322}.Release|iPhoneSimulator.Build.0 = Release|Any CPU
		{9F076249-8B75-4F28-A1C5-311E76BEF322}.Release|iPhoneSimulator.Deploy.0 = Release|Any CPU
		{9F076249-8B75-4F28-A1C5-311E76BEF322}.Release|x64.ActiveCfg = Release|Any CPU
		{9F076249-8B75-4F28-A1C5-311E76BEF322}.Release|x64.Build.0 = Release|Any CPU
		{9F076249-8B75-4F28-A1C5-311E76BEF322}.Release|x64.Deploy.0 = Release|Any CPU
		{9F076249-8B75-4F28-A1C5-311E76BEF322}.Release|x86.ActiveCfg = Release|Any CPU
		{9F076249-8B75-4F28-A1C5-311E76BEF322}.Release|x86.Build.0 = Release|Any CPU
		{9F076249-8B75-4F28-A1C5-311E76BEF322}.Release|x86.Deploy.0 = Release|Any CPU
		{5202E7E2-4C19-4806-A8BE-A7F011450369}.Ad-Hoc|Any CPU.ActiveCfg = Release|Any CPU
		{5202E7E2-4C19-4806-A8BE-A7F011450369}.Ad-Hoc|Any CPU.Build.0 = Release|Any CPU
		{5202E7E2-4C19-4806-A8BE-A7F011450369}.Ad-Hoc|ARM.ActiveCfg = Release|Any CPU
		{5202E7E2-4C19-4806-A8BE-A7F011450369}.Ad-Hoc|ARM.Build.0 = Release|Any CPU
		{5202E7E2-4C19-4806-A8BE-A7F011450369}.Ad-Hoc|iPhone.ActiveCfg = Release|Any CPU
		{5202E7E2-4C19-4806-A8BE-A7F011450369}.Ad-Hoc|iPhone.Build.0 = Release|Any CPU
		{5202E7E2-4C19-4806-A8BE-A7F011450369}.Ad-Hoc|iPhoneSimulator.ActiveCfg = Release|Any CPU
		{5202E7E2-4C19-4806-A8BE-A7F011450369}.Ad-Hoc|iPhoneSimulator.Build.0 = Release|Any CPU
		{5202E7E2-4C19-4806-A8BE-A7F011450369}.Ad-Hoc|x64.ActiveCfg = Release|Any CPU
		{5202E7E2-4C19-4806-A8BE-A7F011450369}.Ad-Hoc|x64.Build.0 = Release|Any CPU
		{5202E7E2-4C19-4806-A8BE-A7F011450369}.Ad-Hoc|x86.ActiveCfg = Release|Any CPU
		{5202E7E2-4C19-4806-A8BE-A7F011450369}.Ad-Hoc|x86.Build.0 = Release|Any CPU
		{5202E7E2-4C19-4806-A8BE-A7F011450369}.AppStore|Any CPU.ActiveCfg = Release|Any CPU
		{5202E7E2-4C19-4806-A8BE-A7F011450369}.AppStore|Any CPU.Build.0 = Release|Any CPU
		{5202E7E2-4C19-4806-A8BE-A7F011450369}.AppStore|ARM.ActiveCfg = Release|Any CPU
		{5202E7E2-4C19-4806-A8BE-A7F011450369}.AppStore|ARM.Build.0 = Release|Any CPU
		{5202E7E2-4C19-4806-A8BE-A7F011450369}.AppStore|iPhone.ActiveCfg = Release|Any CPU
		{5202E7E2-4C19-4806-A8BE-A7F011450369}.AppStore|iPhone.Build.0 = Release|Any CPU
		{5202E7E2-4C19-4806-A8BE-A7F011450369}.AppStore|iPhoneSimulator.ActiveCfg = Release|Any CPU
		{5202E7E2-4C19-4806-A8BE-A7F011450369}.AppStore|iPhoneSimulator.Build.0 = Release|Any CPU
		{5202E7E2-4C19-4806-A8BE-A7F011450369}.AppStore|x64.ActiveCfg = Release|Any CPU
		{5202E7E2-4C19-4806-A8BE-A7F011450369}.AppStore|x64.Build.0 = Release|Any CPU
		{5202E7E2-4C19-4806-A8BE-A7F011450369}.AppStore|x86.ActiveCfg = Release|Any CPU
		{5202E7E2-4C19-4806-A8BE-A7F011450369}.AppStore|x86.Build.0 = Release|Any CPU
		{5202E7E2-4C19-4806-A8BE-A7F011450369}.Debug|Any CPU.ActiveCfg = Debug|Any CPU
		{5202E7E2-4C19-4806-A8BE-A7F011450369}.Debug|Any CPU.Build.0 = Debug|Any CPU
		{5202E7E2-4C19-4806-A8BE-A7F011450369}.Debug|ARM.ActiveCfg = Debug|Any CPU
		{5202E7E2-4C19-4806-A8BE-A7F011450369}.Debug|ARM.Build.0 = Debug|Any CPU
		{5202E7E2-4C19-4806-A8BE-A7F011450369}.Debug|iPhone.ActiveCfg = Debug|Any CPU
		{5202E7E2-4C19-4806-A8BE-A7F011450369}.Debug|iPhone.Build.0 = Debug|Any CPU
		{5202E7E2-4C19-4806-A8BE-A7F011450369}.Debug|iPhoneSimulator.ActiveCfg = Debug|Any CPU
		{5202E7E2-4C19-4806-A8BE-A7F011450369}.Debug|iPhoneSimulator.Build.0 = Debug|Any CPU
		{5202E7E2-4C19-4806-A8BE-A7F011450369}.Debug|x64.ActiveCfg = Debug|Any CPU
		{5202E7E2-4C19-4806-A8BE-A7F011450369}.Debug|x64.Build.0 = Debug|Any CPU
		{5202E7E2-4C19-4806-A8BE-A7F011450369}.Debug|x86.ActiveCfg = Debug|Any CPU
		{5202E7E2-4C19-4806-A8BE-A7F011450369}.Debug|x86.Build.0 = Debug|Any CPU
		{5202E7E2-4C19-4806-A8BE-A7F011450369}.Release|Any CPU.ActiveCfg = Release|Any CPU
		{5202E7E2-4C19-4806-A8BE-A7F011450369}.Release|Any CPU.Build.0 = Release|Any CPU
		{5202E7E2-4C19-4806-A8BE-A7F011450369}.Release|ARM.ActiveCfg = Release|Any CPU
		{5202E7E2-4C19-4806-A8BE-A7F011450369}.Release|ARM.Build.0 = Release|Any CPU
		{5202E7E2-4C19-4806-A8BE-A7F011450369}.Release|iPhone.ActiveCfg = Release|Any CPU
		{5202E7E2-4C19-4806-A8BE-A7F011450369}.Release|iPhone.Build.0 = Release|Any CPU
		{5202E7E2-4C19-4806-A8BE-A7F011450369}.Release|iPhoneSimulator.ActiveCfg = Release|Any CPU
		{5202E7E2-4C19-4806-A8BE-A7F011450369}.Release|iPhoneSimulator.Build.0 = Release|Any CPU
		{5202E7E2-4C19-4806-A8BE-A7F011450369}.Release|x64.ActiveCfg = Release|Any CPU
		{5202E7E2-4C19-4806-A8BE-A7F011450369}.Release|x64.Build.0 = Release|Any CPU
		{5202E7E2-4C19-4806-A8BE-A7F011450369}.Release|x86.ActiveCfg = Release|Any CPU
		{5202E7E2-4C19-4806-A8BE-A7F011450369}.Release|x86.Build.0 = Release|Any CPU
		{C7A4C727-8CD0-4B37-9E73-AAF58187DE89}.Ad-Hoc|Any CPU.ActiveCfg = Release|x86
		{C7A4C727-8CD0-4B37-9E73-AAF58187DE89}.Ad-Hoc|Any CPU.Build.0 = Release|x86
		{C7A4C727-8CD0-4B37-9E73-AAF58187DE89}.Ad-Hoc|Any CPU.Deploy.0 = Release|x86
		{C7A4C727-8CD0-4B37-9E73-AAF58187DE89}.Ad-Hoc|ARM.ActiveCfg = Release|ARM
		{C7A4C727-8CD0-4B37-9E73-AAF58187DE89}.Ad-Hoc|ARM.Build.0 = Release|ARM
		{C7A4C727-8CD0-4B37-9E73-AAF58187DE89}.Ad-Hoc|ARM.Deploy.0 = Release|ARM
		{C7A4C727-8CD0-4B37-9E73-AAF58187DE89}.Ad-Hoc|iPhone.ActiveCfg = Release|x86
		{C7A4C727-8CD0-4B37-9E73-AAF58187DE89}.Ad-Hoc|iPhone.Build.0 = Release|x86
		{C7A4C727-8CD0-4B37-9E73-AAF58187DE89}.Ad-Hoc|iPhone.Deploy.0 = Release|x86
		{C7A4C727-8CD0-4B37-9E73-AAF58187DE89}.Ad-Hoc|iPhoneSimulator.ActiveCfg = Release|x86
		{C7A4C727-8CD0-4B37-9E73-AAF58187DE89}.Ad-Hoc|iPhoneSimulator.Build.0 = Release|x86
		{C7A4C727-8CD0-4B37-9E73-AAF58187DE89}.Ad-Hoc|iPhoneSimulator.Deploy.0 = Release|x86
		{C7A4C727-8CD0-4B37-9E73-AAF58187DE89}.Ad-Hoc|x64.ActiveCfg = Release|x64
		{C7A4C727-8CD0-4B37-9E73-AAF58187DE89}.Ad-Hoc|x64.Build.0 = Release|x64
		{C7A4C727-8CD0-4B37-9E73-AAF58187DE89}.Ad-Hoc|x64.Deploy.0 = Release|x64
		{C7A4C727-8CD0-4B37-9E73-AAF58187DE89}.Ad-Hoc|x86.ActiveCfg = Release|x86
		{C7A4C727-8CD0-4B37-9E73-AAF58187DE89}.Ad-Hoc|x86.Build.0 = Release|x86
		{C7A4C727-8CD0-4B37-9E73-AAF58187DE89}.Ad-Hoc|x86.Deploy.0 = Release|x86
		{C7A4C727-8CD0-4B37-9E73-AAF58187DE89}.AppStore|Any CPU.ActiveCfg = Release|x86
		{C7A4C727-8CD0-4B37-9E73-AAF58187DE89}.AppStore|Any CPU.Build.0 = Release|x86
		{C7A4C727-8CD0-4B37-9E73-AAF58187DE89}.AppStore|Any CPU.Deploy.0 = Release|x86
		{C7A4C727-8CD0-4B37-9E73-AAF58187DE89}.AppStore|ARM.ActiveCfg = Release|ARM
		{C7A4C727-8CD0-4B37-9E73-AAF58187DE89}.AppStore|ARM.Build.0 = Release|ARM
		{C7A4C727-8CD0-4B37-9E73-AAF58187DE89}.AppStore|ARM.Deploy.0 = Release|ARM
		{C7A4C727-8CD0-4B37-9E73-AAF58187DE89}.AppStore|iPhone.ActiveCfg = Release|x86
		{C7A4C727-8CD0-4B37-9E73-AAF58187DE89}.AppStore|iPhone.Build.0 = Release|x86
		{C7A4C727-8CD0-4B37-9E73-AAF58187DE89}.AppStore|iPhone.Deploy.0 = Release|x86
		{C7A4C727-8CD0-4B37-9E73-AAF58187DE89}.AppStore|iPhoneSimulator.ActiveCfg = Release|x86
		{C7A4C727-8CD0-4B37-9E73-AAF58187DE89}.AppStore|iPhoneSimulator.Build.0 = Release|x86
		{C7A4C727-8CD0-4B37-9E73-AAF58187DE89}.AppStore|iPhoneSimulator.Deploy.0 = Release|x86
		{C7A4C727-8CD0-4B37-9E73-AAF58187DE89}.AppStore|x64.ActiveCfg = Release|x64
		{C7A4C727-8CD0-4B37-9E73-AAF58187DE89}.AppStore|x64.Build.0 = Release|x64
		{C7A4C727-8CD0-4B37-9E73-AAF58187DE89}.AppStore|x64.Deploy.0 = Release|x64
		{C7A4C727-8CD0-4B37-9E73-AAF58187DE89}.AppStore|x86.ActiveCfg = Release|x86
		{C7A4C727-8CD0-4B37-9E73-AAF58187DE89}.AppStore|x86.Build.0 = Release|x86
		{C7A4C727-8CD0-4B37-9E73-AAF58187DE89}.AppStore|x86.Deploy.0 = Release|x86
		{C7A4C727-8CD0-4B37-9E73-AAF58187DE89}.Debug|Any CPU.ActiveCfg = Debug|x86
		{C7A4C727-8CD0-4B37-9E73-AAF58187DE89}.Debug|ARM.ActiveCfg = Debug|ARM
		{C7A4C727-8CD0-4B37-9E73-AAF58187DE89}.Debug|ARM.Build.0 = Debug|ARM
		{C7A4C727-8CD0-4B37-9E73-AAF58187DE89}.Debug|ARM.Deploy.0 = Debug|ARM
		{C7A4C727-8CD0-4B37-9E73-AAF58187DE89}.Debug|iPhone.ActiveCfg = Debug|x86
		{C7A4C727-8CD0-4B37-9E73-AAF58187DE89}.Debug|iPhoneSimulator.ActiveCfg = Debug|x86
		{C7A4C727-8CD0-4B37-9E73-AAF58187DE89}.Debug|x64.ActiveCfg = Debug|x64
		{C7A4C727-8CD0-4B37-9E73-AAF58187DE89}.Debug|x64.Build.0 = Debug|x64
		{C7A4C727-8CD0-4B37-9E73-AAF58187DE89}.Debug|x64.Deploy.0 = Debug|x64
		{C7A4C727-8CD0-4B37-9E73-AAF58187DE89}.Debug|x86.ActiveCfg = Debug|x86
		{C7A4C727-8CD0-4B37-9E73-AAF58187DE89}.Debug|x86.Build.0 = Debug|x86
		{C7A4C727-8CD0-4B37-9E73-AAF58187DE89}.Debug|x86.Deploy.0 = Debug|x86
		{C7A4C727-8CD0-4B37-9E73-AAF58187DE89}.Release|Any CPU.ActiveCfg = Release|x86
		{C7A4C727-8CD0-4B37-9E73-AAF58187DE89}.Release|ARM.ActiveCfg = Release|ARM
		{C7A4C727-8CD0-4B37-9E73-AAF58187DE89}.Release|ARM.Build.0 = Release|ARM
		{C7A4C727-8CD0-4B37-9E73-AAF58187DE89}.Release|ARM.Deploy.0 = Release|ARM
		{C7A4C727-8CD0-4B37-9E73-AAF58187DE89}.Release|iPhone.ActiveCfg = Release|x86
		{C7A4C727-8CD0-4B37-9E73-AAF58187DE89}.Release|iPhoneSimulator.ActiveCfg = Release|x86
		{C7A4C727-8CD0-4B37-9E73-AAF58187DE89}.Release|x64.ActiveCfg = Release|x64
		{C7A4C727-8CD0-4B37-9E73-AAF58187DE89}.Release|x64.Build.0 = Release|x64
		{C7A4C727-8CD0-4B37-9E73-AAF58187DE89}.Release|x64.Deploy.0 = Release|x64
		{C7A4C727-8CD0-4B37-9E73-AAF58187DE89}.Release|x86.ActiveCfg = Release|x86
		{C7A4C727-8CD0-4B37-9E73-AAF58187DE89}.Release|x86.Build.0 = Release|x86
		{C7A4C727-8CD0-4B37-9E73-AAF58187DE89}.Release|x86.Deploy.0 = Release|x86
		{7EFE5A5D-9238-4BBD-8676-252938404040}.Ad-Hoc|Any CPU.ActiveCfg = Ad-Hoc|iPhone
		{7EFE5A5D-9238-4BBD-8676-252938404040}.Ad-Hoc|ARM.ActiveCfg = Ad-Hoc|iPhone
		{7EFE5A5D-9238-4BBD-8676-252938404040}.Ad-Hoc|iPhone.ActiveCfg = Ad-Hoc|iPhone
		{7EFE5A5D-9238-4BBD-8676-252938404040}.Ad-Hoc|iPhone.Build.0 = Ad-Hoc|iPhone
		{7EFE5A5D-9238-4BBD-8676-252938404040}.Ad-Hoc|iPhoneSimulator.ActiveCfg = Ad-Hoc|iPhoneSimulator
		{7EFE5A5D-9238-4BBD-8676-252938404040}.Ad-Hoc|iPhoneSimulator.Build.0 = Ad-Hoc|iPhoneSimulator
		{7EFE5A5D-9238-4BBD-8676-252938404040}.Ad-Hoc|x64.ActiveCfg = Ad-Hoc|iPhone
		{7EFE5A5D-9238-4BBD-8676-252938404040}.Ad-Hoc|x86.ActiveCfg = Ad-Hoc|iPhone
		{7EFE5A5D-9238-4BBD-8676-252938404040}.AppStore|Any CPU.ActiveCfg = AppStore|iPhone
		{7EFE5A5D-9238-4BBD-8676-252938404040}.AppStore|ARM.ActiveCfg = AppStore|iPhone
		{7EFE5A5D-9238-4BBD-8676-252938404040}.AppStore|iPhone.ActiveCfg = AppStore|iPhone
		{7EFE5A5D-9238-4BBD-8676-252938404040}.AppStore|iPhone.Build.0 = AppStore|iPhone
		{7EFE5A5D-9238-4BBD-8676-252938404040}.AppStore|iPhoneSimulator.ActiveCfg = AppStore|iPhoneSimulator
		{7EFE5A5D-9238-4BBD-8676-252938404040}.AppStore|iPhoneSimulator.Build.0 = AppStore|iPhoneSimulator
		{7EFE5A5D-9238-4BBD-8676-252938404040}.AppStore|x64.ActiveCfg = AppStore|iPhone
		{7EFE5A5D-9238-4BBD-8676-252938404040}.AppStore|x86.ActiveCfg = AppStore|iPhone
		{7EFE5A5D-9238-4BBD-8676-252938404040}.Debug|Any CPU.ActiveCfg = Debug|iPhone
		{7EFE5A5D-9238-4BBD-8676-252938404040}.Debug|ARM.ActiveCfg = Debug|iPhone
		{7EFE5A5D-9238-4BBD-8676-252938404040}.Debug|iPhone.ActiveCfg = Debug|iPhone
		{7EFE5A5D-9238-4BBD-8676-252938404040}.Debug|iPhone.Build.0 = Debug|iPhone
		{7EFE5A5D-9238-4BBD-8676-252938404040}.Debug|iPhoneSimulator.ActiveCfg = Debug|iPhoneSimulator
		{7EFE5A5D-9238-4BBD-8676-252938404040}.Debug|iPhoneSimulator.Build.0 = Debug|iPhoneSimulator
		{7EFE5A5D-9238-4BBD-8676-252938404040}.Debug|x64.ActiveCfg = Debug|iPhone
		{7EFE5A5D-9238-4BBD-8676-252938404040}.Debug|x86.ActiveCfg = Debug|iPhone
		{7EFE5A5D-9238-4BBD-8676-252938404040}.Release|Any CPU.ActiveCfg = Release|iPhone
		{7EFE5A5D-9238-4BBD-8676-252938404040}.Release|ARM.ActiveCfg = Release|iPhone
		{7EFE5A5D-9238-4BBD-8676-252938404040}.Release|iPhone.ActiveCfg = Release|iPhone
		{7EFE5A5D-9238-4BBD-8676-252938404040}.Release|iPhone.Build.0 = Release|iPhone
		{7EFE5A5D-9238-4BBD-8676-252938404040}.Release|iPhoneSimulator.ActiveCfg = Release|iPhoneSimulator
		{7EFE5A5D-9238-4BBD-8676-252938404040}.Release|iPhoneSimulator.Build.0 = Release|iPhoneSimulator
		{7EFE5A5D-9238-4BBD-8676-252938404040}.Release|x64.ActiveCfg = Release|iPhone
		{7EFE5A5D-9238-4BBD-8676-252938404040}.Release|x86.ActiveCfg = Release|iPhone
	EndGlobalSection
	GlobalSection(SolutionProperties) = preSolution
		HideSolutionNode = FALSE
	EndGlobalSection
EndGlobal
